
Microsoft Visual Studio Solution File, Format Version 12.00
# Visual Studio 15
VisualStudioVersion = 15.0.27428.2037
MinimumVisualStudioVersion = 10.0.40219.1
Project("{FAE04EC0-301F-11D3-BF4B-00C04F79EFBC}") = "BackEnd", "BackEnd\BackEnd.csproj", "{15B35FB9-9C1A-47EC-A008-EF7E22B7862D}"
EndProject
Global
	GlobalSection(SolutionConfigurationPlatforms) = preSolution
		Debug|Any CPU = Debug|Any CPU
		Release|Any CPU = Release|Any CPU
	EndGlobalSection
	GlobalSection(ProjectConfigurationPlatforms) = postSolution
		{15B35FB9-9C1A-47EC-A008-EF7E22B7862D}.Debug|Any CPU.ActiveCfg = Debug|Any CPU
		{15B35FB9-9C1A-47EC-A008-EF7E22B7862D}.Debug|Any CPU.Build.0 = Debug|Any CPU
		{15B35FB9-9C1A-47EC-A008-EF7E22B7862D}.Release|Any CPU.ActiveCfg = Release|Any CPU
		{15B35FB9-9C1A-47EC-A008-EF7E22B7862D}.Release|Any CPU.Build.0 = Release|Any CPU
	EndGlobalSection
	GlobalSection(SolutionProperties) = preSolution
		HideSolutionNode = FALSE
	EndGlobalSection
	GlobalSection(ExtensibilityGlobals) = postSolution
		SolutionGuid = {AC7B819C-12EE-44E2-A5DC-29CAE7523CF4}
	EndGlobalSection
EndGlobal
